
Microsoft Visual Studio Solution File, Format Version 12.00
# Visual Studio Version 17
VisualStudioVersion = 17.14.36301.6 d17.14
MinimumVisualStudioVersion = 10.0.40219.1
Project("{FAE04EC0-301F-11D3-BF4B-00C04F79EFBC}") = "PdfReader", "PdfReader\PdfReader.csproj", "{F3D846A1-9EC5-4A11-8773-4D081ED5F2A2}"
EndProject
Global
	GlobalSection(SolutionConfigurationPlatforms) = preSolution
		Debug|Any CPU = Debug|Any CPU
		Release|Any CPU = Release|Any CPU
	EndGlobalSection
	GlobalSection(ProjectConfigurationPlatforms) = postSolution
		{F3D846A1-9EC5-4A11-8773-4D081ED5F2A2}.Debug|Any CPU.ActiveCfg = Debug|Any CPU
		{F3D846A1-9EC5-4A11-8773-4D081ED5F2A2}.Debug|Any CPU.Build.0 = Debug|Any CPU
		{F3D846A1-9EC5-4A11-8773-4D081ED5F2A2}.Release|Any CPU.ActiveCfg = Release|Any CPU
		{F3D846A1-9EC5-4A11-8773-4D081ED5F2A2}.Release|Any CPU.Build.0 = Release|Any CPU
	EndGlobalSection
	GlobalSection(SolutionProperties) = preSolution
		HideSolutionNode = FALSE
	EndGlobalSection
	GlobalSection(ExtensibilityGlobals) = postSolution
		SolutionGuid = {B60F6BDF-5F94-4462-BE74-C902F9945E8C}
	EndGlobalSection
EndGlobal
